// !$*UTF8*$!
{
	archiveVersion = 1;
	classes = {
	};
	objectVersion = 46;
	objects = {

/* Begin PBXBuildFile section */
		95EBC2671AE9054500F7EB30 /* AppDelegate.swift in Sources */ = {isa = PBXBuildFile; fileRef = 95EBC2661AE9054500F7EB30 /* AppDelegate.swift */; };
		95EBC2691AE9054500F7EB30 /* ViewController.swift in Sources */ = {isa = PBXBuildFile; fileRef = 95EBC2681AE9054500F7EB30 /* ViewController.swift */; };
		95EBC26C1AE9054500F7EB30 /* Main.storyboard in Resources */ = {isa = PBXBuildFile; fileRef = 95EBC26A1AE9054500F7EB30 /* Main.storyboard */; };
		95EBC26E1AE9054500F7EB30 /* Images.xcassets in Resources */ = {isa = PBXBuildFile; fileRef = 95EBC26D1AE9054500F7EB30 /* Images.xcassets */; };
		95EBC2711AE9054500F7EB30 /* LaunchScreen.xib in Resources */ = {isa = PBXBuildFile; fileRef = 95EBC26F1AE9054500F7EB30 /* LaunchScreen.xib */; };
		95EBC27D1AE9054500F7EB30 /* timelineTests.swift in Sources */ = {isa = PBXBuildFile; fileRef = 95EBC27C1AE9054500F7EB30 /* timelineTests.swift */; };
/* End PBXBuildFile section */

/* Begin PBXContainerItemProxy section */
		95EBC2771AE9054500F7EB30 /* PBXContainerItemProxy */ = {
			isa = PBXContainerItemProxy;
			containerPortal = 95EBC2591AE9054500F7EB30 /* Project object */;
			proxyType = 1;
			remoteGlobalIDString = 95EBC2601AE9054500F7EB30;
			remoteInfo = timeline;
		};
/* End PBXContainerItemProxy section */

/* Begin PBXFileReference section */
		95EBC2611AE9054500F7EB30 /* timeline.app */ = {isa = PBXFileReference; explicitFileType = wrapper.application; includeInIndex = 0; path = timeline.app; sourceTree = BUILT_PRODUCTS_DIR; };
		95EBC2651AE9054500F7EB30 /* Info.plist */ = {isa = PBXFileReference; lastKnownFileType = text.plist.xml; path = Info.plist; sourceTree = "<group>"; };
		95EBC2661AE9054500F7EB30 /* AppDelegate.swift */ = {isa = PBXFileReference; lastKnownFileType = sourcecode.swift; path = AppDelegate.swift; sourceTree = "<group>"; };
		95EBC2681AE9054500F7EB30 /* ViewController.swift */ = {isa = PBXFileReference; lastKnownFileType = sourcecode.swift; path = ViewController.swift; sourceTree = "<group>"; };
		95EBC26B1AE9054500F7EB30 /* Base */ = {isa = PBXFileReference; lastKnownFileType = file.storyboard; name = Base; path = Base.lproj/Main.storyboard; sourceTree = "<group>"; };
		95EBC26D1AE9054500F7EB30 /* Images.xcassets */ = {isa = PBXFileReference; lastKnownFileType = folder.assetcatalog; path = Images.xcassets; sourceTree = "<group>"; };
		95EBC2701AE9054500F7EB30 /* Base */ = {isa = PBXFileReference; lastKnownFileType = file.xib; name = Base; path = Base.lproj/LaunchScreen.xib; sourceTree = "<group>"; };
		95EBC2761AE9054500F7EB30 /* timelineTests.xctest */ = {isa = PBXFileReference; explicitFileType = wrapper.cfbundle; includeInIndex = 0; path = timelineTests.xctest; sourceTree = BUILT_PRODUCTS_DIR; };
		95EBC27B1AE9054500F7EB30 /* Info.plist */ = {isa = PBXFileReference; lastKnownFileType = text.plist.xml; path = Info.plist; sourceTree = "<group>"; };
		95EBC27C1AE9054500F7EB30 /* timelineTests.swift */ = {isa = PBXFileReference; lastKnownFileType = sourcecode.swift; path = timelineTests.swift; sourceTree = "<group>"; };
/* End PBXFileReference section */

/* Begin PBXFrameworksBuildPhase section */
		95EBC25E1AE9054500F7EB30 /* Frameworks */ = {
			isa = PBXFrameworksBuildPhase;
			buildActionMask = 2147483647;
			files = (
			);
			runOnlyForDeploymentPostprocessing = 0;
		};
		95EBC2731AE9054500F7EB30 /* Frameworks */ = {
			isa = PBXFrameworksBuildPhase;
			buildActionMask = 2147483647;
			files = (
			);
			runOnlyForDeploymentPostprocessing = 0;
		};
/* End PBXFrameworksBuildPhase section */

/* Begin PBXGroup section */
		95EBC2581AE9054500F7EB30 = {
			isa = PBXGroup;
			children = (
				95EBC2631AE9054500F7EB30 /* timeline */,
				95EBC2791AE9054500F7EB30 /* timelineTests */,
				95EBC2621AE9054500F7EB30 /* Products */,
			);
			sourceTree = "<group>";
		};
		95EBC2621AE9054500F7EB30 /* Products */ = {
			isa = PBXGroup;
			children = (
				95EBC2611AE9054500F7EB30 /* timeline.app */,
				95EBC2761AE9054500F7EB30 /* timelineTests.xctest */,
			);
			name = Products;
			sourceTree = "<group>";
		};
		95EBC2631AE9054500F7EB30 /* timeline */ = {
			isa = PBXGroup;
			children = (
				95EBC2661AE9054500F7EB30 /* AppDelegate.swift */,
				95EBC2681AE9054500F7EB30 /* ViewController.swift */,
				95EBC26A1AE9054500F7EB30 /* Main.storyboard */,
				95EBC26D1AE9054500F7EB30 /* Images.xcassets */,
				95EBC26F1AE9054500F7EB30 /* LaunchScreen.xib */,
				95EBC2641AE9054500F7EB30 /* Supporting Files */,
			);
			path = timeline;
			sourceTree = "<group>";
		};
		95EBC2641AE9054500F7EB30 /* Supporting Files */ = {
			isa = PBXGroup;
			children = (
				95EBC2651AE9054500F7EB30 /* Info.plist */,
			);
			name = "Supporting Files";
			sourceTree = "<group>";
		};
		95EBC2791AE9054500F7EB30 /* timelineTests */ = {
			isa = PBXGroup;
			children = (
				95EBC27C1AE9054500F7EB30 /* timelineTests.swift */,
				95EBC27A1AE9054500F7EB30 /* Supporting Files */,
			);
			path = timelineTests;
			sourceTree = "<group>";
		};
		95EBC27A1AE9054500F7EB30 /* Supporting Files */ = {
			isa = PBXGroup;
			children = (
				95EBC27B1AE9054500F7EB30 /* Info.plist */,
			);
			name = "Supporting Files";
			sourceTree = "<group>";
		};
/* End PBXGroup section */

/* Begin PBXNativeTarget section */
		95EBC2601AE9054500F7EB30 /* timeline */ = {
			isa = PBXNativeTarget;
			buildConfigurationList = 95EBC2801AE9054500F7EB30 /* Build configuration list for PBXNativeTarget "timeline" */;
			buildPhases = (
				95EBC25D1AE9054500F7EB30 /* Sources */,
				95EBC25E1AE9054500F7EB30 /* Frameworks */,
				95EBC25F1AE9054500F7EB30 /* Resources */,
			);
			buildRules = (
			);
			dependencies = (
			);
			name = timeline;
			productName = timeline;
			productReference = 95EBC2611AE9054500F7EB30 /* timeline.app */;
			productType = "com.apple.product-type.application";
		};
		95EBC2751AE9054500F7EB30 /* timelineTests */ = {
			isa = PBXNativeTarget;
			buildConfigurationList = 95EBC2831AE9054500F7EB30 /* Build configuration list for PBXNativeTarget "timelineTests" */;
			buildPhases = (
				95EBC2721AE9054500F7EB30 /* Sources */,
				95EBC2731AE9054500F7EB30 /* Frameworks */,
				95EBC2741AE9054500F7EB30 /* Resources */,
			);
			buildRules = (
			);
			dependencies = (
				95EBC2781AE9054500F7EB30 /* PBXTargetDependency */,
			);
			name = timelineTests;
			productName = timelineTests;
			productReference = 95EBC2761AE9054500F7EB30 /* timelineTests.xctest */;
			productType = "com.apple.product-type.bundle.unit-test";
		};
/* End PBXNativeTarget section */

/* Begin PBXProject section */
		95EBC2591AE9054500F7EB30 /* Project object */ = {
			isa = PBXProject;
			attributes = {
				LastUpgradeCheck = 0630;
				ORGANIZATIONNAME = "Shintaro Fukuda";
				TargetAttributes = {
					95EBC2601AE9054500F7EB30 = {
						CreatedOnToolsVersion = 6.3;
					};
					95EBC2751AE9054500F7EB30 = {
						CreatedOnToolsVersion = 6.3;
						TestTargetID = 95EBC2601AE9054500F7EB30;
					};
				};
			};
			buildConfigurationList = 95EBC25C1AE9054500F7EB30 /* Build configuration list for PBXProject "timeline" */;
			compatibilityVersion = "Xcode 3.2";
			developmentRegion = English;
			hasScannedForEncodings = 0;
			knownRegions = (
				en,
				Base,
			);
			mainGroup = 95EBC2581AE9054500F7EB30;
			productRefGroup = 95EBC2621AE9054500F7EB30 /* Products */;
			projectDirPath = "";
			projectRoot = "";
			targets = (
				95EBC2601AE9054500F7EB30 /* timeline */,
				95EBC2751AE9054500F7EB30 /* timelineTests */,
			);
		};
/* End PBXProject section */

/* Begin PBXResourcesBuildPhase section */
		95EBC25F1AE9054500F7EB30 /* Resources */ = {
			isa = PBXResourcesBuildPhase;
			buildActionMask = 2147483647;
			files = (
				95EBC26C1AE9054500F7EB30 /* Main.storyboard in Resources */,
				95EBC2711AE9054500F7EB30 /* LaunchScreen.xib in Resources */,
				95EBC26E1AE9054500F7EB30 /* Images.xcassets in Resources */,
			);
			runOnlyForDeploymentPostprocessing = 0;
		};
		95EBC2741AE9054500F7EB30 /* Resources */ = {
			isa = PBXResourcesBuildPhase;
			buildActionMask = 2147483647;
			files = (
			);
			runOnlyForDeploymentPostprocessing = 0;
		};
/* End PBXResourcesBuildPhase section */

/* Begin PBXSourcesBuildPhase section */
		95EBC25D1AE9054500F7EB30 /* Sources */ = {
			isa = PBXSourcesBuildPhase;
			buildActionMask = 2147483647;
			files = (
				95EBC2691AE9054500F7EB30 /* ViewController.swift in Sources */,
				95EBC2671AE9054500F7EB30 /* AppDelegate.swift in Sources */,
			);
			runOnlyForDeploymentPostprocessing = 0;
		};
		95EBC2721AE9054500F7EB30 /* Sources */ = {
			isa = PBXSourcesBuildPhase;
			buildActionMask = 2147483647;
			files = (
				95EBC27D1AE9054500F7EB30 /* timelineTests.swift in Sources */,
			);
			runOnlyForDeploymentPostprocessing = 0;
		};
/* End PBXSourcesBuildPhase section */

/* Begin PBXTargetDependency section */
		95EBC2781AE9054500F7EB30 /* PBXTargetDependency */ = {
			isa = PBXTargetDependency;
			target = 95EBC2601AE9054500F7EB30 /* timeline */;
			targetProxy = 95EBC2771AE9054500F7EB30 /* PBXContainerItemProxy */;
		};
/* End PBXTargetDependency section */

/* Begin PBXVariantGroup section */
		95EBC26A1AE9054500F7EB30 /* Main.storyboard */ = {
			isa = PBXVariantGroup;
			children = (
				95EBC26B1AE9054500F7EB30 /* Base */,
			);
			name = Main.storyboard;
			sourceTree = "<group>";
		};
		95EBC26F1AE9054500F7EB30 /* LaunchScreen.xib */ = {
			isa = PBXVariantGroup;
			children = (
				95EBC2701AE9054500F7EB30 /* Base */,
			);
			name = LaunchScreen.xib;
			sourceTree = "<group>";
		};
/* End PBXVariantGroup section */

/* Begin XCBuildConfiguration section */
		95EBC27E1AE9054500F7EB30 /* Debug */ = {
			isa = XCBuildConfiguration;
			buildSettings = {
				ALWAYS_SEARCH_USER_PATHS = NO;
				CLANG_CXX_LANGUAGE_STANDARD = "gnu++0x";
				CLANG_CXX_LIBRARY = "libc++";
				CLANG_ENABLE_MODULES = YES;
				CLANG_ENABLE_OBJC_ARC = YES;
				CLANG_WARN_BOOL_CONVERSION = YES;
				CLANG_WARN_CONSTANT_CONVERSION = YES;
				CLANG_WARN_DIRECT_OBJC_ISA_USAGE = YES_ERROR;
				CLANG_WARN_EMPTY_BODY = YES;
				CLANG_WARN_ENUM_CONVERSION = YES;
				CLANG_WARN_INT_CONVERSION = YES;
				CLANG_WARN_OBJC_ROOT_CLASS = YES_ERROR;
				CLANG_WARN_UNREACHABLE_CODE = YES;
				CLANG_WARN__DUPLICATE_METHOD_MATCH = YES;
				"CODE_SIGN_IDENTITY[sdk=iphoneos*]" = "iPhone Developer";
				COPY_PHASE_STRIP = NO;
				DEBUG_INFORMATION_FORMAT = "dwarf-with-dsym";
				ENABLE_STRICT_OBJC_MSGSEND = YES;
				GCC_C_LANGUAGE_STANDARD = gnu99;
				GCC_DYNAMIC_NO_PIC = NO;
				GCC_NO_COMMON_BLOCKS = YES;
				GCC_OPTIMIZATION_LEVEL = 0;
				GCC_PREPROCESSOR_DEFINITIONS = (
					"DEBUG=1",
					"$(inherited)",
				);
				GCC_SYMBOLS_PRIVATE_EXTERN = NO;
				GCC_WARN_64_TO_32_BIT_CONVERSION = YES;
				GCC_WARN_ABOUT_RETURN_TYPE = YES_ERROR;
				GCC_WARN_UNDECLARED_SELECTOR = YES;
				GCC_WARN_UNINITIALIZED_AUTOS = YES_AGGRESSIVE;
				GCC_WARN_UNUSED_FUNCTION = YES;
				GCC_WARN_UNUSED_VARIABLE = YES;
				IPHONEOS_DEPLOYMENT_TARGET = 8.3;
				MTL_ENABLE_DEBUG_INFO = YES;
				ONLY_ACTIVE_ARCH = YES;
				SDKROOT = iphoneos;
				SWIFT_OPTIMIZATION_LEVEL = "-Onone";
			};
			name = Debug;
		};
		95EBC27F1AE9054500F7EB30 /* Release */ = {
			isa = XCBuildConfiguration;
			buildSettings = {
				ALWAYS_SEARCH_USER_PATHS = NO;
				CLANG_CXX_LANGUAGE_STANDARD = "gnu++0x";
				CLANG_CXX_LIBRARY = "libc++";
				CLANG_ENABLE_MODULES = YES;
				CLANG_ENABLE_OBJC_ARC = YES;
				CLANG_WARN_BOOL_CONVERSION = YES;
				CLANG_WARN_CONSTANT_CONVERSION = YES;
				CLANG_WARN_DIRECT_OBJC_ISA_USAGE = YES_ERROR;
				CLANG_WARN_EMPTY_BODY = YES;
				CLANG_WARN_ENUM_CONVERSION = YES;
				CLANG_WARN_INT_CONVERSION = YES;
				CLANG_WARN_OBJC_ROOT_CLASS = YES_ERROR;
				CLANG_WARN_UNREACHABLE_CODE = YES;
				CLANG_WARN__DUPLICATE_METHOD_MATCH = YES;
				"CODE_SIGN_IDENTITY[sdk=iphoneos*]" = "iPhone Developer";
				COPY_PHASE_STRIP = NO;
				DEBUG_INFORMATION_FORMAT = "dwarf-with-dsym";
				ENABLE_NS_ASSERTIONS = NO;
				ENABLE_STRICT_OBJC_MSGSEND = YES;
				GCC_C_LANGUAGE_STANDARD = gnu99;
				GCC_NO_COMMON_BLOCKS = YES;
				GCC_WARN_64_TO_32_BIT_CONVERSION = YES;
				GCC_WARN_ABOUT_RETURN_TYPE = YES_ERROR;
				GCC_WARN_UNDECLARED_SELECTOR = YES;
				GCC_WARN_UNINITIALIZED_AUTOS = YES_AGGRESSIVE;
				GCC_WARN_UNUSED_FUNCTION = YES;
				GCC_WARN_UNUSED_VARIABLE = YES;
				IPHONEOS_DEPLOYMENT_TARGET = 8.3;
				MTL_ENABLE_DEBUG_INFO = NO;
				SDKROOT = iphoneos;
				VALIDATE_PRODUCT = YES;
			};
			name = Release;
		};
		95EBC2811AE9054500F7EB30 /* Debug */ = {
			isa = XCBuildConfiguration;
			buildSettings = {
				ASSETCATALOG_COMPILER_APPICON_NAME = AppIcon;
				INFOPLIST_FILE = timeline/Info.plist;
				LD_RUNPATH_SEARCH_PATHS = "$(inherited) @executable_path/Frameworks";
				PRODUCT_NAME = "$(TARGET_NAME)";
			};
			name = Debug;
		};
		95EBC2821AE9054500F7EB30 /* Release */ = {
			isa = XCBuildConfiguration;
			buildSettings = {
				ASSETCATALOG_COMPILER_APPICON_NAME = AppIcon;
				INFOPLIST_FILE = timeline/Info.plist;
				LD_RUNPATH_SEARCH_PATHS = "$(inherited) @executable_path/Frameworks";
				PRODUCT_NAME = "$(TARGET_NAME)";
			};
			name = Release;
		};
		95EBC2841AE9054500F7EB30 /* Debug */ = {
			isa = XCBuildConfiguration;
			buildSettings = {
				BUNDLE_LOADER = "$(TEST_HOST)";
				FRAMEWORK_SEARCH_PATHS = (
					"$(SDKROOT)/Developer/Library/Frameworks",
					"$(inherited)",
				);
				GCC_PREPROCESSOR_DEFINITIONS = (
					"DEBUG=1",
					"$(inherited)",
				);
				INFOPLIST_FILE = timelineTests/Info.plist;
				LD_RUNPATH_SEARCH_PATHS = "$(inherited) @executable_path/Frameworks @loader_path/Frameworks";
				PRODUCT_NAME = "$(TARGET_NAME)";
				TEST_HOST = "$(BUILT_PRODUCTS_DIR)/timeline.app/timeline";
			};
			name = Debug;
		};
		95EBC2851AE9054500F7EB30 /* Release */ = {
			isa = XCBuildConfiguration;
			buildSettings = {
				BUNDLE_LOADER = "$(TEST_HOST)";
				FRAMEWORK_SEARCH_PATHS = (
					"$(SDKROOT)/Developer/Library/Frameworks",
					"$(inherited)",
				);
				INFOPLIST_FILE = timelineTests/Info.plist;
				LD_RUNPATH_SEARCH_PATHS = "$(inherited) @executable_path/Frameworks @loader_path/Frameworks";
				PRODUCT_NAME = "$(TARGET_NAME)";
				TEST_HOST = "$(BUILT_PRODUCTS_DIR)/timeline.app/timeline";
			};
			name = Release;
		};
/* End XCBuildConfiguration section */

/* Begin XCConfigurationList section */
		95EBC25C1AE9054500F7EB30 /* Build configuration list for PBXProject "timeline" */ = {
			isa = XCConfigurationList;
			buildConfigurations = (
				95EBC27E1AE9054500F7EB30 /* Debug */,
				95EBC27F1AE9054500F7EB30 /* Release */,
			);
			defaultConfigurationIsVisible = 0;
			defaultConfigurationName = Release;
		};
		95EBC2801AE9054500F7EB30 /* Build configuration list for PBXNativeTarget "timeline" */ = {
			isa = XCConfigurationList;
			buildConfigurations = (
				95EBC2811AE9054500F7EB30 /* Debug */,
				95EBC2821AE9054500F7EB30 /* Release */,
			);
			defaultConfigurationIsVisible = 0;
		};
		95EBC2831AE9054500F7EB30 /* Build configuration list for PBXNativeTarget "timelineTests" */ = {
			isa = XCConfigurationList;
			buildConfigurations = (
				95EBC2841AE9054500F7EB30 /* Debug */,
				95EBC2851AE9054500F7EB30 /* Release */,
			);
			defaultConfigurationIsVisible = 0;
		};
/* End XCConfigurationList section */
	};
	rootObject = 95EBC2591AE9054500F7EB30 /* Project object */;
}
